
Microsoft Visual Studio Solution File, Format Version 12.00
# Visual Studio Version 16
VisualStudioVersion = 16.0.31729.503
MinimumVisualStudioVersion = 10.0.40219.1
Project("{FAE04EC0-301F-11D3-BF4B-00C04F79EFBC}") = "FlexTimeMonitor", "FlexTimeMonitor\FlexTimeMonitor.csproj", "{50112125-E627-4CCE-8E3B-E7C162D5ED4E}"
EndProject
Project("{FAE04EC0-301F-11D3-BF4B-00C04F79EFBC}") = "FlexTimeMonitor.Contracts", "FlexTimeMonitor.Contracts\FlexTimeMonitor.Contracts.csproj", "{6316761C-5836-44A9-8CC1-27178D61016E}"
EndProject
Project("{FAE04EC0-301F-11D3-BF4B-00C04F79EFBC}") = "FlexTimeMonitor.DataAccess", "FlexTimeMonitor.DataAccess\FlexTimeMonitor.DataAccess.csproj", "{577E894D-041A-4B04-9189-5170DEC7B948}"
EndProject
Project("{FAE04EC0-301F-11D3-BF4B-00C04F79EFBC}") = "FlexTimeMonitor.Entities", "FlexTimeMonitor.Entities\FlexTimeMonitor.Entities.csproj", "{998135E6-9925-4C0B-90FE-60E905A04486}"
EndProject
Global
	GlobalSection(SolutionConfigurationPlatforms) = preSolution
		Debug|Any CPU = Debug|Any CPU
		Debug|x86 = Debug|x86
		Release|Any CPU = Release|Any CPU
		Release|x86 = Release|x86
	EndGlobalSection
	GlobalSection(ProjectConfigurationPlatforms) = postSolution
		{50112125-E627-4CCE-8E3B-E7C162D5ED4E}.Debug|Any CPU.ActiveCfg = Debug|Any CPU
		{50112125-E627-4CCE-8E3B-E7C162D5ED4E}.Debug|Any CPU.Build.0 = Debug|Any CPU
		{50112125-E627-4CCE-8E3B-E7C162D5ED4E}.Debug|x86.ActiveCfg = Debug|Any CPU
		{50112125-E627-4CCE-8E3B-E7C162D5ED4E}.Debug|x86.Build.0 = Debug|Any CPU
		{50112125-E627-4CCE-8E3B-E7C162D5ED4E}.Release|Any CPU.ActiveCfg = Release|Any CPU
		{50112125-E627-4CCE-8E3B-E7C162D5ED4E}.Release|Any CPU.Build.0 = Release|Any CPU
		{50112125-E627-4CCE-8E3B-E7C162D5ED4E}.Release|x86.ActiveCfg = Release|Any CPU
		{50112125-E627-4CCE-8E3B-E7C162D5ED4E}.Release|x86.Build.0 = Release|Any CPU
		{6316761C-5836-44A9-8CC1-27178D61016E}.Debug|Any CPU.ActiveCfg = Debug|Any CPU
		{6316761C-5836-44A9-8CC1-27178D61016E}.Debug|Any CPU.Build.0 = Debug|Any CPU
		{6316761C-5836-44A9-8CC1-27178D61016E}.Debug|x86.ActiveCfg = Debug|Any CPU
		{6316761C-5836-44A9-8CC1-27178D61016E}.Debug|x86.Build.0 = Debug|Any CPU
		{6316761C-5836-44A9-8CC1-27178D61016E}.Release|Any CPU.ActiveCfg = Release|Any CPU
		{6316761C-5836-44A9-8CC1-27178D61016E}.Release|Any CPU.Build.0 = Release|Any CPU
		{6316761C-5836-44A9-8CC1-27178D61016E}.Release|x86.ActiveCfg = Release|Any CPU
		{6316761C-5836-44A9-8CC1-27178D61016E}.Release|x86.Build.0 = Release|Any CPU
		{577E894D-041A-4B04-9189-5170DEC7B948}.Debug|Any CPU.ActiveCfg = Debug|Any CPU
		{577E894D-041A-4B04-9189-5170DEC7B948}.Debug|Any CPU.Build.0 = Debug|Any CPU
		{577E894D-041A-4B04-9189-5170DEC7B948}.Debug|x86.ActiveCfg = Debug|Any CPU
		{577E894D-041A-4B04-9189-5170DEC7B948}.Debug|x86.Build.0 = Debug|Any CPU
		{577E894D-041A-4B04-9189-5170DEC7B948}.Release|Any CPU.ActiveCfg = Release|Any CPU
		{577E894D-041A-4B04-9189-5170DEC7B948}.Release|Any CPU.Build.0 = Release|Any CPU
		{577E894D-041A-4B04-9189-5170DEC7B948}.Release|x86.ActiveCfg = Release|Any CPU
		{577E894D-041A-4B04-9189-5170DEC7B948}.Release|x86.Build.0 = Release|Any CPU
		{998135E6-9925-4C0B-90FE-60E905A04486}.Debug|Any CPU.ActiveCfg = Debug|Any CPU
		{998135E6-9925-4C0B-90FE-60E905A04486}.Debug|Any CPU.Build.0 = Debug|Any CPU
		{998135E6-9925-4C0B-90FE-60E905A04486}.Debug|x86.ActiveCfg = Debug|Any CPU
		{998135E6-9925-4C0B-90FE-60E905A04486}.Debug|x86.Build.0 = Debug|Any CPU
		{998135E6-9925-4C0B-90FE-60E905A04486}.Release|Any CPU.ActiveCfg = Release|Any CPU
		{998135E6-9925-4C0B-90FE-60E905A04486}.Release|Any CPU.Build.0 = Release|Any CPU
		{998135E6-9925-4C0B-90FE-60E905A04486}.Release|x86.ActiveCfg = Release|Any CPU
		{998135E6-9925-4C0B-90FE-60E905A04486}.Release|x86.Build.0 = Release|Any CPU
	EndGlobalSection
	GlobalSection(SolutionProperties) = preSolution
		HideSolutionNode = FALSE
	EndGlobalSection
	GlobalSection(ExtensibilityGlobals) = postSolution
		SolutionGuid = {96634263-EB15-4EB4-AD0B-6D9739A8796B}
	EndGlobalSection
EndGlobal
